{
  "name": "u27-check",
  "version": "0.1.0",
  "lockfileVersion": 3,
  "requires": true,
  "packages": {
    "": {
      "name": "u27-check",
      "version": "0.1.0",
      "license": "MIT",
      "dependencies": {
        "picocolors": "^1.1.1"
      },
      "bin": {
        "u27-check": "bin/u27-check.js"
      },
      "engines": {
        "node": ">=20"
      }
    },
    "node_modules/picocolors": {
      "version": "1.1.1",
      "resolved": "https://registry.npmjs.org/picocolors/-/picocolors-1.1.1.tgz",
      "integrity": "sha512-xceH2snhtb5M9liqDsmEw56le376mTZkEX/jEb/RxNFyegNul7eNslCXP9FDj/Lcu0X8KEyMceP2ntpaHrDEVA==",
      "license": "ISC"
    }
  }
}
